// !$*UTF8*$!
{
	archiveVersion = 1;
	classes = {
	};
	objectVersion = 56;
	objects = {

/* Begin PBXBuildFile section */
		32A291262B0D5CCD00A24C5C /* QRCodeGeneratorApp.swift in Sources */ = {isa = PBXBuildFile; fileRef = 32A291252B0D5CCD00A24C5C /* QRCodeGeneratorApp.swift */; };
		32A291282B0D5CCD00A24C5C /* ContentView.swift in Sources */ = {isa = PBXBuildFile; fileRef = 32A291272B0D5CCD00A24C5C /* ContentView.swift */; };
		32A2912A2B0D5CCE00A24C5C /* Assets.xcassets in Resources */ = {isa = PBXBuildFile; fileRef = 32A291292B0D5CCE00A24C5C /* Assets.xcassets */; };
		32A2912D2B0D5CCE00A24C5C /* Preview Assets.xcassets in Resources */ = {isa = PBXBuildFile; fileRef = 32A2912C2B0D5CCE00A24C5C /* Preview Assets.xcassets */; };
		32A291372B0D5CCE00A24C5C /* QRCodeGeneratorTests.swift in Sources */ = {isa = PBXBuildFile; fileRef = 32A291362B0D5CCE00A24C5C /* QRCodeGeneratorTests.swift */; };
		32A291412B0D5CCE00A24C5C /* QRCodeGeneratorUITests.swift in Sources */ = {isa = PBXBuildFile; fileRef = 32A291402B0D5CCE00A24C5C /* QRCodeGeneratorUITests.swift */; };
		32A291432B0D5CCE00A24C5C /* QRCodeGeneratorUITestsLaunchTests.swift in Sources */ = {isa = PBXBuildFile; fileRef = 32A291422B0D5CCE00A24C5C /* QRCodeGeneratorUITestsLaunchTests.swift */; };
		32A291502B0D5F1C00A24C5C /* InputTypeDetector.swift in Sources */ = {isa = PBXBuildFile; fileRef = 32A2914F2B0D5F1C00A24C5C /* InputTypeDetector.swift */; };
/* End PBXBuildFile section */

/* Begin PBXContainerItemProxy section */
		32A291332B0D5CCE00A24C5C /* PBXContainerItemProxy */ = {
			isa = PBXContainerItemProxy;
			containerPortal = 32A2911A2B0D5CCD00A24C5C /* Project object */;
			proxyType = 1;
			remoteGlobalIDString = 32A291212B0D5CCD00A24C5C;
			remoteInfo = QRCodeGenerator;
		};
		32A2913D2B0D5CCE00A24C5C /* PBXContainerItemProxy */ = {
			isa = PBXContainerItemProxy;
			containerPortal = 32A2911A2B0D5CCD00A24C5C /* Project object */;
			proxyType = 1;
			remoteGlobalIDString = 32A291212B0D5CCD00A24C5C;
			remoteInfo = QRCodeGenerator;
		};
/* End PBXContainerItemProxy section */

/* Begin PBXFileReference section */
		32A291222B0D5CCD00A24C5C /* QRCodeGenerator.app */ = {isa = PBXFileReference; explicitFileType = wrapper.application; includeInIndex = 0; path = QRCodeGenerator.app; sourceTree = BUILT_PRODUCTS_DIR; };
		32A291252B0D5CCD00A24C5C /* QRCodeGeneratorApp.swift */ = {isa = PBXFileReference; lastKnownFileType = sourcecode.swift; path = QRCodeGeneratorApp.swift; sourceTree = "<group>"; };
		32A291272B0D5CCD00A24C5C /* ContentView.swift */ = {isa = PBXFileReference; lastKnownFileType = sourcecode.swift; path = ContentView.swift; sourceTree = "<group>"; };
		32A291292B0D5CCE00A24C5C /* Assets.xcassets */ = {isa = PBXFileReference; lastKnownFileType = folder.assetcatalog; path = Assets.xcassets; sourceTree = "<group>"; };
		32A2912C2B0D5CCE00A24C5C /* Preview Assets.xcassets */ = {isa = PBXFileReference; lastKnownFileType = folder.assetcatalog; path = "Preview Assets.xcassets"; sourceTree = "<group>"; };
		32A291322B0D5CCE00A24C5C /* QRCodeGeneratorTests.xctest */ = {isa = PBXFileReference; explicitFileType = wrapper.cfbundle; includeInIndex = 0; path = QRCodeGeneratorTests.xctest; sourceTree = BUILT_PRODUCTS_DIR; };
		32A291362B0D5CCE00A24C5C /* QRCodeGeneratorTests.swift */ = {isa = PBXFileReference; lastKnownFileType = sourcecode.swift; path = QRCodeGeneratorTests.swift; sourceTree = "<group>"; };
		32A2913C2B0D5CCE00A24C5C /* QRCodeGeneratorUITests.xctest */ = {isa = PBXFileReference; explicitFileType = wrapper.cfbundle; includeInIndex = 0; path = QRCodeGeneratorUITests.xctest; sourceTree = BUILT_PRODUCTS_DIR; };
		32A291402B0D5CCE00A24C5C /* QRCodeGeneratorUITests.swift */ = {isa = PBXFileReference; lastKnownFileType = sourcecode.swift; path = QRCodeGeneratorUITests.swift; sourceTree = "<group>"; };
		32A291422B0D5CCE00A24C5C /* QRCodeGeneratorUITestsLaunchTests.swift */ = {isa = PBXFileReference; lastKnownFileType = sourcecode.swift; path = QRCodeGeneratorUITestsLaunchTests.swift; sourceTree = "<group>"; };
		32A2914F2B0D5F1C00A24C5C /* InputTypeDetector.swift */ = {isa = PBXFileReference; lastKnownFileType = sourcecode.swift; path = InputTypeDetector.swift; sourceTree = "<group>"; };
/* End PBXFileReference section */

/* Begin PBXFrameworksBuildPhase section */
		32A2911F2B0D5CCD00A24C5C /* Frameworks */ = {
			isa = PBXFrameworksBuildPhase;
			buildActionMask = 2147483647;
			files = (
			);
			runOnlyForDeploymentPostprocessing = 0;
		};
		32A2912F2B0D5CCE00A24C5C /* Frameworks */ = {
			isa = PBXFrameworksBuildPhase;
			buildActionMask = 2147483647;
			files = (
			);
			runOnlyForDeploymentPostprocessing = 0;
		};
		32A291392B0D5CCE00A24C5C /* Frameworks */ = {
			isa = PBXFrameworksBuildPhase;
			buildActionMask = 2147483647;
			files = (
			);
			runOnlyForDeploymentPostprocessing = 0;
		};
/* End PBXFrameworksBuildPhase section */

/* Begin PBXGroup section */
		32A291192B0D5CCD00A24C5C = {
			isa = PBXGroup;
			children = (
				32A291242B0D5CCD00A24C5C /* QRCodeGenerator */,
				32A291352B0D5CCE00A24C5C /* QRCodeGeneratorTests */,
				32A2913F2B0D5CCE00A24C5C /* QRCodeGeneratorUITests */,
				32A291232B0D5CCD00A24C5C /* Products */,
			);
			sourceTree = "<group>";
		};
		32A291232B0D5CCD00A24C5C /* Products */ = {
			isa = PBXGroup;
			children = (
				32A291222B0D5CCD00A24C5C /* QRCodeGenerator.app */,
				32A291322B0D5CCE00A24C5C /* QRCodeGeneratorTests.xctest */,
				32A2913C2B0D5CCE00A24C5C /* QRCodeGeneratorUITests.xctest */,
			);
			name = Products;
			sourceTree = "<group>";
		};
		32A291242B0D5CCD00A24C5C /* QRCodeGenerator */ = {
			isa = PBXGroup;
			children = (
				32A291252B0D5CCD00A24C5C /* QRCodeGeneratorApp.swift */,
				32A291272B0D5CCD00A24C5C /* ContentView.swift */,
				32A291292B0D5CCE00A24C5C /* Assets.xcassets */,
				32A2912B2B0D5CCE00A24C5C /* Preview Content */,
				32A2914F2B0D5F1C00A24C5C /* InputTypeDetector.swift */,
			);
			path = QRCodeGenerator;
			sourceTree = "<group>";
		};
		32A2912B2B0D5CCE00A24C5C /* Preview Content */ = {
			isa = PBXGroup;
			children = (
				32A2912C2B0D5CCE00A24C5C /* Preview Assets.xcassets */,
			);
			path = "Preview Content";
			sourceTree = "<group>";
		};
		32A291352B0D5CCE00A24C5C /* QRCodeGeneratorTests */ = {
			isa = PBXGroup;
			children = (
				32A291362B0D5CCE00A24C5C /* QRCodeGeneratorTests.swift */,
			);
			path = QRCodeGeneratorTests;
			sourceTree = "<group>";
		};
		32A2913F2B0D5CCE00A24C5C /* QRCodeGeneratorUITests */ = {
			isa = PBXGroup;
			children = (
				32A291402B0D5CCE00A24C5C /* QRCodeGeneratorUITests.swift */,
				32A291422B0D5CCE00A24C5C /* QRCodeGeneratorUITestsLaunchTests.swift */,
			);
			path = QRCodeGeneratorUITests;
			sourceTree = "<group>";
		};
/* End PBXGroup section */

/* Begin PBXNativeTarget section */
		32A291212B0D5CCD00A24C5C /* QRCodeGenerator */ = {
			isa = PBXNativeTarget;
			buildConfigurationList = 32A291462B0D5CCE00A24C5C /* Build configuration list for PBXNativeTarget "QRCodeGenerator" */;
			buildPhases = (
				325425462B0FE4BD00E6E91E /* ShellScript */,
				32A2911E2B0D5CCD00A24C5C /* Sources */,
				32A2911F2B0D5CCD00A24C5C /* Frameworks */,
				32A291202B0D5CCD00A24C5C /* Resources */,
			);
			buildRules = (
			);
			dependencies = (
			);
			name = QRCodeGenerator;
			productName = QRCodeGenerator;
			productReference = 32A291222B0D5CCD00A24C5C /* QRCodeGenerator.app */;
			productType = "com.apple.product-type.application";
		};
		32A291312B0D5CCE00A24C5C /* QRCodeGeneratorTests */ = {
			isa = PBXNativeTarget;
			buildConfigurationList = 32A291492B0D5CCE00A24C5C /* Build configuration list for PBXNativeTarget "QRCodeGeneratorTests" */;
			buildPhases = (
				32A2912E2B0D5CCE00A24C5C /* Sources */,
				32A2912F2B0D5CCE00A24C5C /* Frameworks */,
				32A291302B0D5CCE00A24C5C /* Resources */,
			);
			buildRules = (
			);
			dependencies = (
				32A291342B0D5CCE00A24C5C /* PBXTargetDependency */,
			);
			name = QRCodeGeneratorTests;
			productName = QRCodeGeneratorTests;
			productReference = 32A291322B0D5CCE00A24C5C /* QRCodeGeneratorTests.xctest */;
			productType = "com.apple.product-type.bundle.unit-test";
		};
		32A2913B2B0D5CCE00A24C5C /* QRCodeGeneratorUITests */ = {
			isa = PBXNativeTarget;
			buildConfigurationList = 32A2914C2B0D5CCE00A24C5C /* Build configuration list for PBXNativeTarget "QRCodeGeneratorUITests" */;
			buildPhases = (
				32A291382B0D5CCE00A24C5C /* Sources */,
				32A291392B0D5CCE00A24C5C /* Frameworks */,
				32A2913A2B0D5CCE00A24C5C /* Resources */,
			);
			buildRules = (
			);
			dependencies = (
				32A2913E2B0D5CCE00A24C5C /* PBXTargetDependency */,
			);
			name = QRCodeGeneratorUITests;
			productName = QRCodeGeneratorUITests;
			productReference = 32A2913C2B0D5CCE00A24C5C /* QRCodeGeneratorUITests.xctest */;
			productType = "com.apple.product-type.bundle.ui-testing";
		};
/* End PBXNativeTarget section */

/* Begin PBXProject section */
		32A2911A2B0D5CCD00A24C5C /* Project object */ = {
			isa = PBXProject;
			attributes = {
				BuildIndependentTargetsInParallel = 1;
				LastSwiftUpdateCheck = 1500;
				LastUpgradeCheck = 1500;
				TargetAttributes = {
					32A291212B0D5CCD00A24C5C = {
						CreatedOnToolsVersion = 15.0;
					};
					32A291312B0D5CCE00A24C5C = {
						CreatedOnToolsVersion = 15.0;
						TestTargetID = 32A291212B0D5CCD00A24C5C;
					};
					32A2913B2B0D5CCE00A24C5C = {
						CreatedOnToolsVersion = 15.0;
						TestTargetID = 32A291212B0D5CCD00A24C5C;
					};
				};
			};
			buildConfigurationList = 32A2911D2B0D5CCD00A24C5C /* Build configuration list for PBXProject "QRCodeGenerator" */;
			compatibilityVersion = "Xcode 14.0";
			developmentRegion = en;
			hasScannedForEncodings = 0;
			knownRegions = (
				en,
				Base,
			);
			mainGroup = 32A291192B0D5CCD00A24C5C;
			productRefGroup = 32A291232B0D5CCD00A24C5C /* Products */;
			projectDirPath = "";
			projectRoot = "";
			targets = (
				32A291212B0D5CCD00A24C5C /* QRCodeGenerator */,
				32A291312B0D5CCE00A24C5C /* QRCodeGeneratorTests */,
				32A2913B2B0D5CCE00A24C5C /* QRCodeGeneratorUITests */,
			);
		};
/* End PBXProject section */

/* Begin PBXResourcesBuildPhase section */
		32A291202B0D5CCD00A24C5C /* Resources */ = {
			isa = PBXResourcesBuildPhase;
			buildActionMask = 2147483647;
			files = (
				32A2912D2B0D5CCE00A24C5C /* Preview Assets.xcassets in Resources */,
				32A2912A2B0D5CCE00A24C5C /* Assets.xcassets in Resources */,
			);
			runOnlyForDeploymentPostprocessing = 0;
		};
		32A291302B0D5CCE00A24C5C /* Resources */ = {
			isa = PBXResourcesBuildPhase;
			buildActionMask = 2147483647;
			files = (
			);
			runOnlyForDeploymentPostprocessing = 0;
		};
		32A2913A2B0D5CCE00A24C5C /* Resources */ = {
			isa = PBXResourcesBuildPhase;
			buildActionMask = 2147483647;
			files = (
			);
			runOnlyForDeploymentPostprocessing = 0;
		};
/* End PBXResourcesBuildPhase section */

/* Begin PBXShellScriptBuildPhase section */
		325425462B0FE4BD00E6E91E /* ShellScript */ = {
			isa = PBXShellScriptBuildPhase;
			alwaysOutOfDate = 1;
			buildActionMask = 2147483647;
			files = (
			);
			inputFileListPaths = (
			);
			inputPaths = (
			);
			outputFileListPaths = (
			);
			outputPaths = (
			);
			runOnlyForDeploymentPostprocessing = 0;
			shellPath = /bin/sh;
			shellScript = "if test -d \"/opt/homebrew/bin/\"; then\nPATH=\"/opt/homebrew/bin/:${PATH}\"\nfi\nexport PATH\n\n#if which swiftlint >/dev/null; then\n#${PODS_ROOT}/SwiftLint/swiftlint --config \n#${PROJECT_DIR}/swiftlint.yml\n#swiftlint\n#fi\n";
		};
/* End PBXShellScriptBuildPhase section */

/* Begin PBXSourcesBuildPhase section */
		32A2911E2B0D5CCD00A24C5C /* Sources */ = {
			isa = PBXSourcesBuildPhase;
			buildActionMask = 2147483647;
			files = (
				32A291282B0D5CCD00A24C5C /* ContentView.swift in Sources */,
				32A291262B0D5CCD00A24C5C /* QRCodeGeneratorApp.swift in Sources */,
				32A291502B0D5F1C00A24C5C /* InputTypeDetector.swift in Sources */,
			);
			runOnlyForDeploymentPostprocessing = 0;
		};
		32A2912E2B0D5CCE00A24C5C /* Sources */ = {
			isa = PBXSourcesBuildPhase;
			buildActionMask = 2147483647;
			files = (
				32A291372B0D5CCE00A24C5C /* QRCodeGeneratorTests.swift in Sources */,
			);
			runOnlyForDeploymentPostprocessing = 0;
		};
		32A291382B0D5CCE00A24C5C /* Sources */ = {
			isa = PBXSourcesBuildPhase;
			buildActionMask = 2147483647;
			files = (
				32A291432B0D5CCE00A24C5C /* QRCodeGeneratorUITestsLaunchTests.swift in Sources */,
				32A291412B0D5CCE00A24C5C /* QRCodeGeneratorUITests.swift in Sources */,
			);
			runOnlyForDeploymentPostprocessing = 0;
		};
/* End PBXSourcesBuildPhase section */

/* Begin PBXTargetDependency section */
		32A291342B0D5CCE00A24C5C /* PBXTargetDependency */ = {
			isa = PBXTargetDependency;
			target = 32A291212B0D5CCD00A24C5C /* QRCodeGenerator */;
			targetProxy = 32A291332B0D5CCE00A24C5C /* PBXContainerItemProxy */;
		};
		32A2913E2B0D5CCE00A24C5C /* PBXTargetDependency */ = {
			isa = PBXTargetDependency;
			target = 32A291212B0D5CCD00A24C5C /* QRCodeGenerator */;
			targetProxy = 32A2913D2B0D5CCE00A24C5C /* PBXContainerItemProxy */;
		};
/* End PBXTargetDependency section */

/* Begin XCBuildConfiguration section */
		32A291442B0D5CCE00A24C5C /* Debug */ = {
			isa = XCBuildConfiguration;
			buildSettings = {
				ALWAYS_SEARCH_USER_PATHS = NO;
				ASSETCATALOG_COMPILER_GENERATE_SWIFT_ASSET_SYMBOL_EXTENSIONS = YES;
				CLANG_ANALYZER_NONNULL = YES;
				CLANG_ANALYZER_NUMBER_OBJECT_CONVERSION = YES_AGGRESSIVE;
				CLANG_CXX_LANGUAGE_STANDARD = "gnu++20";
				CLANG_ENABLE_MODULES = YES;
				CLANG_ENABLE_OBJC_ARC = YES;
				CLANG_ENABLE_OBJC_WEAK = YES;
				CLANG_WARN_BLOCK_CAPTURE_AUTORELEASING = YES;
				CLANG_WARN_BOOL_CONVERSION = YES;
				CLANG_WARN_COMMA = YES;
				CLANG_WARN_CONSTANT_CONVERSION = YES;
				CLANG_WARN_DEPRECATED_OBJC_IMPLEMENTATIONS = YES;
				CLANG_WARN_DIRECT_OBJC_ISA_USAGE = YES_ERROR;
				CLANG_WARN_DOCUMENTATION_COMMENTS = YES;
				CLANG_WARN_EMPTY_BODY = YES;
				CLANG_WARN_ENUM_CONVERSION = YES;
				CLANG_WARN_INFINITE_RECURSION = YES;
				CLANG_WARN_INT_CONVERSION = YES;
				CLANG_WARN_NON_LITERAL_NULL_CONVERSION = YES;
				CLANG_WARN_OBJC_IMPLICIT_RETAIN_SELF = YES;
				CLANG_WARN_OBJC_LITERAL_CONVERSION = YES;
				CLANG_WARN_OBJC_ROOT_CLASS = YES_ERROR;
				CLANG_WARN_QUOTED_INCLUDE_IN_FRAMEWORK_HEADER = YES;
				CLANG_WARN_RANGE_LOOP_ANALYSIS = YES;
				CLANG_WARN_STRICT_PROTOTYPES = YES;
				CLANG_WARN_SUSPICIOUS_MOVE = YES;
				CLANG_WARN_UNGUARDED_AVAILABILITY = YES_AGGRESSIVE;
				CLANG_WARN_UNREACHABLE_CODE = YES;
				CLANG_WARN__DUPLICATE_METHOD_MATCH = YES;
				COPY_PHASE_STRIP = NO;
				DEBUG_INFORMATION_FORMAT = dwarf;
				ENABLE_STRICT_OBJC_MSGSEND = YES;
				ENABLE_TESTABILITY = YES;
				ENABLE_USER_SCRIPT_SANDBOXING = YES;
				GCC_C_LANGUAGE_STANDARD = gnu17;
				GCC_DYNAMIC_NO_PIC = NO;
				GCC_NO_COMMON_BLOCKS = YES;
				GCC_OPTIMIZATION_LEVEL = 0;
				GCC_PREPROCESSOR_DEFINITIONS = (
					"DEBUG=1",
					"$(inherited)",
				);
				GCC_WARN_64_TO_32_BIT_CONVERSION = YES;
				GCC_WARN_ABOUT_RETURN_TYPE = YES_ERROR;
				GCC_WARN_UNDECLARED_SELECTOR = YES;
				GCC_WARN_UNINITIALIZED_AUTOS = YES_AGGRESSIVE;
				GCC_WARN_UNUSED_FUNCTION = YES;
				GCC_WARN_UNUSED_VARIABLE = YES;
				IPHONEOS_DEPLOYMENT_TARGET = 16.0;
				LOCALIZATION_PREFERS_STRING_CATALOGS = YES;
				MTL_ENABLE_DEBUG_INFO = INCLUDE_SOURCE;
				MTL_FAST_MATH = YES;
				ONLY_ACTIVE_ARCH = YES;
				SDKROOT = iphoneos;
				SWIFT_ACTIVE_COMPILATION_CONDITIONS = "DEBUG $(inherited)";
				SWIFT_OPTIMIZATION_LEVEL = "-Onone";
			};
			name = Debug;
		};
		32A291452B0D5CCE00A24C5C /* Release */ = {
			isa = XCBuildConfiguration;
			buildSettings = {
				ALWAYS_SEARCH_USER_PATHS = NO;
				ASSETCATALOG_COMPILER_GENERATE_SWIFT_ASSET_SYMBOL_EXTENSIONS = YES;
				CLANG_ANALYZER_NONNULL = YES;
				CLANG_ANALYZER_NUMBER_OBJECT_CONVERSION = YES_AGGRESSIVE;
				CLANG_CXX_LANGUAGE_STANDARD = "gnu++20";
				CLANG_ENABLE_MODULES = YES;
				CLANG_ENABLE_OBJC_ARC = YES;
				CLANG_ENABLE_OBJC_WEAK = YES;
				CLANG_WARN_BLOCK_CAPTURE_AUTORELEASING = YES;
				CLANG_WARN_BOOL_CONVERSION = YES;
				CLANG_WARN_COMMA = YES;
				CLANG_WARN_CONSTANT_CONVERSION = YES;
				CLANG_WARN_DEPRECATED_OBJC_IMPLEMENTATIONS = YES;
				CLANG_WARN_DIRECT_OBJC_ISA_USAGE = YES_ERROR;
				CLANG_WARN_DOCUMENTATION_COMMENTS = YES;
				CLANG_WARN_EMPTY_BODY = YES;
				CLANG_WARN_ENUM_CONVERSION = YES;
				CLANG_WARN_INFINITE_RECURSION = YES;
				CLANG_WARN_INT_CONVERSION = YES;
				CLANG_WARN_NON_LITERAL_NULL_CONVERSION = YES;
				CLANG_WARN_OBJC_IMPLICIT_RETAIN_SELF = YES;
				CLANG_WARN_OBJC_LITERAL_CONVERSION = YES;
				CLANG_WARN_OBJC_ROOT_CLASS = YES_ERROR;
				CLANG_WARN_QUOTED_INCLUDE_IN_FRAMEWORK_HEADER = YES;
				CLANG_WARN_RANGE_LOOP_ANALYSIS = YES;
				CLANG_WARN_STRICT_PROTOTYPES = YES;
				CLANG_WARN_SUSPICIOUS_MOVE = YES;
				CLANG_WARN_UNGUARDED_AVAILABILITY = YES_AGGRESSIVE;
				CLANG_WARN_UNREACHABLE_CODE = YES;
				CLANG_WARN__DUPLICATE_METHOD_MATCH = YES;
				COPY_PHASE_STRIP = NO;
				DEBUG_INFORMATION_FORMAT = "dwarf-with-dsym";
				ENABLE_NS_ASSERTIONS = NO;
				ENABLE_STRICT_OBJC_MSGSEND = YES;
				ENABLE_USER_SCRIPT_SANDBOXING = YES;
				GCC_C_LANGUAGE_STANDARD = gnu17;
				GCC_NO_COMMON_BLOCKS = YES;
				GCC_WARN_64_TO_32_BIT_CONVERSION = YES;
				GCC_WARN_ABOUT_RETURN_TYPE = YES_ERROR;
				GCC_WARN_UNDECLARED_SELECTOR = YES;
				GCC_WARN_UNINITIALIZED_AUTOS = YES_AGGRESSIVE;
				GCC_WARN_UNUSED_FUNCTION = YES;
				GCC_WARN_UNUSED_VARIABLE = YES;
				IPHONEOS_DEPLOYMENT_TARGET = 16.0;
				LOCALIZATION_PREFERS_STRING_CATALOGS = YES;
				MTL_ENABLE_DEBUG_INFO = NO;
				MTL_FAST_MATH = YES;
				SDKROOT = iphoneos;
				SWIFT_COMPILATION_MODE = wholemodule;
				VALIDATE_PRODUCT = YES;
			};
			name = Release;
		};
		32A291472B0D5CCE00A24C5C /* Debug */ = {
			isa = XCBuildConfiguration;
			buildSettings = {
				ASSETCATALOG_COMPILER_APPICON_NAME = AppIcon;
				ASSETCATALOG_COMPILER_GLOBAL_ACCENT_COLOR_NAME = AccentColor;
				CODE_SIGN_STYLE = Automatic;
				CURRENT_PROJECT_VERSION = 1;
				DEVELOPMENT_ASSET_PATHS = "\"QRCodeGenerator/Preview Content\"";
				DEVELOPMENT_TEAM = 2659TLW84Y;
				ENABLE_PREVIEWS = YES;
				GENERATE_INFOPLIST_FILE = YES;
				INFOPLIST_KEY_UIApplicationSceneManifest_Generation = YES;
				INFOPLIST_KEY_UIApplicationSupportsIndirectInputEvents = YES;
				INFOPLIST_KEY_UILaunchScreen_Generation = YES;
				INFOPLIST_KEY_UISupportedInterfaceOrientations = UIInterfaceOrientationPortrait;
				INFOPLIST_KEY_UISupportedInterfaceOrientations_iPad = "UIInterfaceOrientationLandscapeLeft UIInterfaceOrientationLandscapeRight UIInterfaceOrientationPortrait";
				IPHONEOS_DEPLOYMENT_TARGET = 16.0;
				LD_RUNPATH_SEARCH_PATHS = (
					"$(inherited)",
					"@executable_path/Frameworks",
				);
				MARKETING_VERSION = 1.0;
				PRODUCT_BUNDLE_IDENTIFIER = ca.salpasoft.QRCodeGenerator;
				PRODUCT_NAME = "$(TARGET_NAME)";
				SWIFT_EMIT_LOC_STRINGS = YES;
				SWIFT_VERSION = 5.0;
				TARGETED_DEVICE_FAMILY = "1,2";
			};
			name = Debug;
		};
		32A291482B0D5CCE00A24C5C /* Release */ = {
			isa = XCBuildConfiguration;
			buildSettings = {
				ASSETCATALOG_COMPILER_APPICON_NAME = AppIcon;
				ASSETCATALOG_COMPILER_GLOBAL_ACCENT_COLOR_NAME = AccentColor;
				CODE_SIGN_STYLE = Automatic;
				CURRENT_PROJECT_VERSION = 1;
				DEVELOPMENT_ASSET_PATHS = "\"QRCodeGenerator/Preview Content\"";
				DEVELOPMENT_TEAM = 2659TLW84Y;
				ENABLE_PREVIEWS = YES;
				GENERATE_INFOPLIST_FILE = YES;
				INFOPLIST_KEY_UIApplicationSceneManifest_Generation = YES;
				INFOPLIST_KEY_UIApplicationSupportsIndirectInputEvents = YES;
				INFOPLIST_KEY_UILaunchScreen_Generation = YES;
				INFOPLIST_KEY_UISupportedInterfaceOrientations = UIInterfaceOrientationPortrait;
				INFOPLIST_KEY_UISupportedInterfaceOrientations_iPad = "UIInterfaceOrientationLandscapeLeft UIInterfaceOrientationLandscapeRight UIInterfaceOrientationPortrait";
				IPHONEOS_DEPLOYMENT_TARGET = 16.0;
				LD_RUNPATH_SEARCH_PATHS = (
					"$(inherited)",
					"@executable_path/Frameworks",
				);
				MARKETING_VERSION = 1.0;
				PRODUCT_BUNDLE_IDENTIFIER = ca.salpasoft.QRCodeGenerator;
				PRODUCT_NAME = "$(TARGET_NAME)";
				SWIFT_EMIT_LOC_STRINGS = YES;
				SWIFT_VERSION = 5.0;
				TARGETED_DEVICE_FAMILY = "1,2";
			};
			name = Release;
		};
		32A2914A2B0D5CCE00A24C5C /* Debug */ = {
			isa = XCBuildConfiguration;
			buildSettings = {
				ALWAYS_EMBED_SWIFT_STANDARD_LIBRARIES = YES;
				BUNDLE_LOADER = "$(TEST_HOST)";
				CODE_SIGN_STYLE = Automatic;
				CURRENT_PROJECT_VERSION = 1;
				DEVELOPMENT_TEAM = 2659TLW84Y;
				GENERATE_INFOPLIST_FILE = YES;
				IPHONEOS_DEPLOYMENT_TARGET = 16.0;
				MARKETING_VERSION = 1.0;
				PRODUCT_BUNDLE_IDENTIFIER = ca.salpasoft.QRCodeGeneratorTests;
				PRODUCT_NAME = "$(TARGET_NAME)";
				SWIFT_EMIT_LOC_STRINGS = NO;
				SWIFT_VERSION = 5.0;
				TARGETED_DEVICE_FAMILY = "1,2";
				TEST_HOST = "$(BUILT_PRODUCTS_DIR)/QRCodeGenerator.app/$(BUNDLE_EXECUTABLE_FOLDER_PATH)/QRCodeGenerator";
			};
			name = Debug;
		};
		32A2914B2B0D5CCE00A24C5C /* Release */ = {
			isa = XCBuildConfiguration;
			buildSettings = {
				ALWAYS_EMBED_SWIFT_STANDARD_LIBRARIES = YES;
				BUNDLE_LOADER = "$(TEST_HOST)";
				CODE_SIGN_STYLE = Automatic;
				CURRENT_PROJECT_VERSION = 1;
				DEVELOPMENT_TEAM = 2659TLW84Y;
				GENERATE_INFOPLIST_FILE = YES;
				IPHONEOS_DEPLOYMENT_TARGET = 16.0;
				MARKETING_VERSION = 1.0;
				PRODUCT_BUNDLE_IDENTIFIER = ca.salpasoft.QRCodeGeneratorTests;
				PRODUCT_NAME = "$(TARGET_NAME)";
				SWIFT_EMIT_LOC_STRINGS = NO;
				SWIFT_VERSION = 5.0;
				TARGETED_DEVICE_FAMILY = "1,2";
				TEST_HOST = "$(BUILT_PRODUCTS_DIR)/QRCodeGenerator.app/$(BUNDLE_EXECUTABLE_FOLDER_PATH)/QRCodeGenerator";
			};
			name = Release;
		};
		32A2914D2B0D5CCE00A24C5C /* Debug */ = {
			isa = XCBuildConfiguration;
			buildSettings = {
				ALWAYS_EMBED_SWIFT_STANDARD_LIBRARIES = YES;
				CODE_SIGN_STYLE = Automatic;
				CURRENT_PROJECT_VERSION = 1;
				DEVELOPMENT_TEAM = 2659TLW84Y;
				GENERATE_INFOPLIST_FILE = YES;
				MARKETING_VERSION = 1.0;
				PRODUCT_BUNDLE_IDENTIFIER = ca.salpasoft.QRCodeGeneratorUITests;
				PRODUCT_NAME = "$(TARGET_NAME)";
				SWIFT_EMIT_LOC_STRINGS = NO;
				SWIFT_VERSION = 5.0;
				TARGETED_DEVICE_FAMILY = "1,2";
				TEST_TARGET_NAME = QRCodeGenerator;
			};
			name = Debug;
		};
		32A2914E2B0D5CCE00A24C5C /* Release */ = {
			isa = XCBuildConfiguration;
			buildSettings = {
				ALWAYS_EMBED_SWIFT_STANDARD_LIBRARIES = YES;
				CODE_SIGN_STYLE = Automatic;
				CURRENT_PROJECT_VERSION = 1;
				DEVELOPMENT_TEAM = 2659TLW84Y;
				GENERATE_INFOPLIST_FILE = YES;
				MARKETING_VERSION = 1.0;
				PRODUCT_BUNDLE_IDENTIFIER = ca.salpasoft.QRCodeGeneratorUITests;
				PRODUCT_NAME = "$(TARGET_NAME)";
				SWIFT_EMIT_LOC_STRINGS = NO;
				SWIFT_VERSION = 5.0;
				TARGETED_DEVICE_FAMILY = "1,2";
				TEST_TARGET_NAME = QRCodeGenerator;
			};
			name = Release;
		};
/* End XCBuildConfiguration section */

/* Begin XCConfigurationList section */
		32A2911D2B0D5CCD00A24C5C /* Build configuration list for PBXProject "QRCodeGenerator" */ = {
			isa = XCConfigurationList;
			buildConfigurations = (
				32A291442B0D5CCE00A24C5C /* Debug */,
				32A291452B0D5CCE00A24C5C /* Release */,
			);
			defaultConfigurationIsVisible = 0;
			defaultConfigurationName = Release;
		};
		32A291462B0D5CCE00A24C5C /* Build configuration list for PBXNativeTarget "QRCodeGenerator" */ = {
			isa = XCConfigurationList;
			buildConfigurations = (
				32A291472B0D5CCE00A24C5C /* Debug */,
				32A291482B0D5CCE00A24C5C /* Release */,
			);
			defaultConfigurationIsVisible = 0;
			defaultConfigurationName = Release;
		};
		32A291492B0D5CCE00A24C5C /* Build configuration list for PBXNativeTarget "QRCodeGeneratorTests" */ = {
			isa = XCConfigurationList;
			buildConfigurations = (
				32A2914A2B0D5CCE00A24C5C /* Debug */,
				32A2914B2B0D5CCE00A24C5C /* Release */,
			);
			defaultConfigurationIsVisible = 0;
			defaultConfigurationName = Release;
		};
		32A2914C2B0D5CCE00A24C5C /* Build configuration list for PBXNativeTarget "QRCodeGeneratorUITests" */ = {
			isa = XCConfigurationList;
			buildConfigurations = (
				32A2914D2B0D5CCE00A24C5C /* Debug */,
				32A2914E2B0D5CCE00A24C5C /* Release */,
			);
			defaultConfigurationIsVisible = 0;
			defaultConfigurationName = Release;
		};
/* End XCConfigurationList section */
	};
	rootObject = 32A2911A2B0D5CCD00A24C5C /* Project object */;
}
